
Microsoft Visual Studio Solution File, Format Version 12.00
Project("{FAE04EC0-301F-11D3-BF4B-00C04F79EFBC}") = "Web.api", "Web.api\Web.api.csproj", "{DDEFAB2B-4910-43C7-8128-48632D573FAF}"
EndProject
Project("{FAE04EC0-301F-11D3-BF4B-00C04F79EFBC}") = "Domain", "Domain\Domain.csproj", "{5F8874A8-3295-4275-9103-7ACC802DF0A0}"
EndProject
Project("{FAE04EC0-301F-11D3-BF4B-00C04F79EFBC}") = "Infrastructure", "Infrastructure\Infrastructure.csproj", "{7DCE60CC-2523-4FE5-914F-F1CD93E59F13}"
EndProject
Project("{FAE04EC0-301F-11D3-BF4B-00C04F79EFBC}") = "Application", "Application\Application.csproj", "{5C99806B-68B3-4E91-939A-E82A93487ED8}"
EndProject
Global
	GlobalSection(SolutionConfigurationPlatforms) = preSolution
		Debug|Any CPU = Debug|Any CPU
		Release|Any CPU = Release|Any CPU
	EndGlobalSection
	GlobalSection(ProjectConfigurationPlatforms) = postSolution
		{DDEFAB2B-4910-43C7-8128-48632D573FAF}.Debug|Any CPU.ActiveCfg = Debug|Any CPU
		{DDEFAB2B-4910-43C7-8128-48632D573FAF}.Debug|Any CPU.Build.0 = Debug|Any CPU
		{DDEFAB2B-4910-43C7-8128-48632D573FAF}.Release|Any CPU.ActiveCfg = Release|Any CPU
		{DDEFAB2B-4910-43C7-8128-48632D573FAF}.Release|Any CPU.Build.0 = Release|Any CPU
		{5F8874A8-3295-4275-9103-7ACC802DF0A0}.Debug|Any CPU.ActiveCfg = Debug|Any CPU
		{5F8874A8-3295-4275-9103-7ACC802DF0A0}.Debug|Any CPU.Build.0 = Debug|Any CPU
		{5F8874A8-3295-4275-9103-7ACC802DF0A0}.Release|Any CPU.ActiveCfg = Release|Any CPU
		{5F8874A8-3295-4275-9103-7ACC802DF0A0}.Release|Any CPU.Build.0 = Release|Any CPU
		{7DCE60CC-2523-4FE5-914F-F1CD93E59F13}.Debug|Any CPU.ActiveCfg = Debug|Any CPU
		{7DCE60CC-2523-4FE5-914F-F1CD93E59F13}.Debug|Any CPU.Build.0 = Debug|Any CPU
		{7DCE60CC-2523-4FE5-914F-F1CD93E59F13}.Release|Any CPU.ActiveCfg = Release|Any CPU
		{7DCE60CC-2523-4FE5-914F-F1CD93E59F13}.Release|Any CPU.Build.0 = Release|Any CPU
		{5C99806B-68B3-4E91-939A-E82A93487ED8}.Debug|Any CPU.ActiveCfg = Debug|Any CPU
		{5C99806B-68B3-4E91-939A-E82A93487ED8}.Debug|Any CPU.Build.0 = Debug|Any CPU
		{5C99806B-68B3-4E91-939A-E82A93487ED8}.Release|Any CPU.ActiveCfg = Release|Any CPU
		{5C99806B-68B3-4E91-939A-E82A93487ED8}.Release|Any CPU.Build.0 = Release|Any CPU
	EndGlobalSection
EndGlobal
